
Microsoft Visual Studio Solution File, Format Version 12.00
# Visual Studio Version 16
VisualStudioVersion = 16.0.30128.74
MinimumVisualStudioVersion = 10.0.40219.1
Project("{FAE04EC0-301F-11D3-BF4B-00C04F79EFBC}") = "EstudoTaskool", "EstudoTaskool.csproj", "{88FEC679-C8D2-4AB7-BB80-EF6C6AFC2369}"
EndProject
Global
	GlobalSection(SolutionConfigurationPlatforms) = preSolution
		Debug|Any CPU = Debug|Any CPU
		Release|Any CPU = Release|Any CPU
	EndGlobalSection
	GlobalSection(ProjectConfigurationPlatforms) = postSolution
		{88FEC679-C8D2-4AB7-BB80-EF6C6AFC2369}.Debug|Any CPU.ActiveCfg = Debug|Any CPU
		{88FEC679-C8D2-4AB7-BB80-EF6C6AFC2369}.Debug|Any CPU.Build.0 = Debug|Any CPU
		{88FEC679-C8D2-4AB7-BB80-EF6C6AFC2369}.Release|Any CPU.ActiveCfg = Release|Any CPU
		{88FEC679-C8D2-4AB7-BB80-EF6C6AFC2369}.Release|Any CPU.Build.0 = Release|Any CPU
	EndGlobalSection
	GlobalSection(SolutionProperties) = preSolution
		HideSolutionNode = FALSE
	EndGlobalSection
	GlobalSection(ExtensibilityGlobals) = postSolution
		SolutionGuid = {D7F01A30-69BD-4E12-BA0A-9D92699C1C8D}
	EndGlobalSection
EndGlobal
